
Microsoft Visual Studio Solution File, Format Version 12.00
# Visual Studio Version 17
VisualStudioVersion = 17.8.34316.72
MinimumVisualStudioVersion = 10.0.40219.1
Project("{FAE04EC0-301F-11D3-BF4B-00C04F79EFBC}") = "Loja-Classe-Abstrata", "Loja-Classe-Abstrata\Loja-Classe-Abstrata.csproj", "{C9F304F1-4484-4619-9503-16668EE0EF36}"
EndProject
Global
	GlobalSection(SolutionConfigurationPlatforms) = preSolution
		Debug|Any CPU = Debug|Any CPU
		Release|Any CPU = Release|Any CPU
	EndGlobalSection
	GlobalSection(ProjectConfigurationPlatforms) = postSolution
		{C9F304F1-4484-4619-9503-16668EE0EF36}.Debug|Any CPU.ActiveCfg = Debug|Any CPU
		{C9F304F1-4484-4619-9503-16668EE0EF36}.Debug|Any CPU.Build.0 = Debug|Any CPU
		{C9F304F1-4484-4619-9503-16668EE0EF36}.Release|Any CPU.ActiveCfg = Release|Any CPU
		{C9F304F1-4484-4619-9503-16668EE0EF36}.Release|Any CPU.Build.0 = Release|Any CPU
	EndGlobalSection
	GlobalSection(SolutionProperties) = preSolution
		HideSolutionNode = FALSE
	EndGlobalSection
	GlobalSection(ExtensibilityGlobals) = postSolution
		SolutionGuid = {C62F97EA-C88E-48DD-81A6-4FF39FF1914A}
	EndGlobalSection
EndGlobal
